github.com/gorilla/mux v1.8.0 h1:i40aqfkR1h2SlN9hojwV5ZA91wcXFOvkdNIeFDP5koI=
github.com/gorilla/mux v1.8.0/go.mod h1:DVbg23sWSpFRCP0SfiEN6jmj59UnW/n46BH5rLB71So=
golang.org/x/net v0.61.0 h1:RR+6j/BTBCrggOLugxa+66R8FvoN6MHlzDlZIbN9YFw=
golang.org/x/net v0.61.0/go.mod h1:WgDCOTH8iwtB66T4/GfI94AHo/hhdb7Hah9NDseQfiI=
